
Microsoft Visual Studio Solution File, Format Version 12.00
# Visual Studio Version 17
VisualStudioVersion = 17.2.32616.157
MinimumVisualStudioVersion = 10.0.40219.1
Project("{FAE04EC0-301F-11D3-BF4B-00C04F79EFBC}") = "gaurtier.app.rss.reader.ui", "gaurtier.app.rss.reader.ui\gaurtier.app.rss.reader.ui.csproj", "{AD2119BD-4AE4-4D2C-9722-E5715DB59097}"
EndProject
Global
	GlobalSection(SolutionConfigurationPlatforms) = preSolution
		Debug|Any CPU = Debug|Any CPU
		Release|Any CPU = Release|Any CPU
	EndGlobalSection
	GlobalSection(ProjectConfigurationPlatforms) = postSolution
		{AD2119BD-4AE4-4D2C-9722-E5715DB59097}.Debug|Any CPU.ActiveCfg = Debug|Any CPU
		{AD2119BD-4AE4-4D2C-9722-E5715DB59097}.Debug|Any CPU.Build.0 = Debug|Any CPU
		{AD2119BD-4AE4-4D2C-9722-E5715DB59097}.Release|Any CPU.ActiveCfg = Release|Any CPU
		{AD2119BD-4AE4-4D2C-9722-E5715DB59097}.Release|Any CPU.Build.0 = Release|Any CPU
	EndGlobalSection
	GlobalSection(SolutionProperties) = preSolution
		HideSolutionNode = FALSE
	EndGlobalSection
	GlobalSection(ExtensibilityGlobals) = postSolution
		SolutionGuid = {BADB36E3-B127-47A0-BA55-776A6D661931}
	EndGlobalSection
EndGlobal
